
Microsoft Visual Studio Solution File, Format Version 12.00
# Visual Studio 15
VisualStudioVersion = 15.0.28307.757
MinimumVisualStudioVersion = 10.0.40219.1
Project("{9A19103F-16F7-4668-BE54-9A1E7A4F7556}") = "MyMVVM", "MyMVVM.csproj", "{DAD174A0-16A4-41C0-BDD2-94229A1C0910}"
EndProject
Global
	GlobalSection(SolutionConfigurationPlatforms) = preSolution
		Debug|Any CPU = Debug|Any CPU
		Release|Any CPU = Release|Any CPU
	EndGlobalSection
	GlobalSection(ProjectConfigurationPlatforms) = postSolution
		{DAD174A0-16A4-41C0-BDD2-94229A1C0910}.Debug|Any CPU.ActiveCfg = Debug|Any CPU
		{DAD174A0-16A4-41C0-BDD2-94229A1C0910}.Debug|Any CPU.Build.0 = Debug|Any CPU
		{DAD174A0-16A4-41C0-BDD2-94229A1C0910}.Release|Any CPU.ActiveCfg = Release|Any CPU
		{DAD174A0-16A4-41C0-BDD2-94229A1C0910}.Release|Any CPU.Build.0 = Release|Any CPU
	EndGlobalSection
	GlobalSection(SolutionProperties) = preSolution
		HideSolutionNode = FALSE
	EndGlobalSection
	GlobalSection(ExtensibilityGlobals) = postSolution
		SolutionGuid = {C6BA6B80-ED60-425A-B0EC-6FA7866156F5}
	EndGlobalSection
EndGlobal
